
Microsoft Visual Studio Solution File, Format Version 12.00
# Visual Studio Version 16
VisualStudioVersion = 16.0.31729.503
MinimumVisualStudioVersion = 10.0.40219.1
Project("{FAE04EC0-301F-11D3-BF4B-00C04F79EFBC}") = "SoftwareDevProject", "SoftwareDevProject.csproj", "{A774F353-8E96-4AB5-9ED4-4EE32D1E3A11}"
EndProject
Global
	GlobalSection(SolutionConfigurationPlatforms) = preSolution
		Debug|Any CPU = Debug|Any CPU
		Release|Any CPU = Release|Any CPU
	EndGlobalSection
	GlobalSection(ProjectConfigurationPlatforms) = postSolution
		{A774F353-8E96-4AB5-9ED4-4EE32D1E3A11}.Debug|Any CPU.ActiveCfg = Debug|Any CPU
		{A774F353-8E96-4AB5-9ED4-4EE32D1E3A11}.Debug|Any CPU.Build.0 = Debug|Any CPU
		{A774F353-8E96-4AB5-9ED4-4EE32D1E3A11}.Release|Any CPU.ActiveCfg = Release|Any CPU
		{A774F353-8E96-4AB5-9ED4-4EE32D1E3A11}.Release|Any CPU.Build.0 = Release|Any CPU
	EndGlobalSection
	GlobalSection(SolutionProperties) = preSolution
		HideSolutionNode = FALSE
	EndGlobalSection
	GlobalSection(ExtensibilityGlobals) = postSolution
		SolutionGuid = {4E465C55-7955-4B4E-9841-66C1A1A53D7E}
	EndGlobalSection
EndGlobal
